
Microsoft Visual Studio Solution File, Format Version 12.00
# Visual Studio 15
VisualStudioVersion = 15.0.26430.16
MinimumVisualStudioVersion = 10.0.40219.1
Project("{2150E333-8FDC-42A3-9474-1A3956D46DE8}") = "src", "src", "{E3C38358-E2A9-4E9C-AF11-8F664B22E4E8}"
EndProject
Project("{2150E333-8FDC-42A3-9474-1A3956D46DE8}") = "Solution Items", "Solution Items", "{21F41FB3-5FB5-4B96-8B02-C6D3321DECEE}"
	ProjectSection(SolutionItems) = preProject
		appveyor.yml = appveyor.yml
		CHANGELOG.md = CHANGELOG.md
		README.md = README.md
		nuget-push.sh = nuget-push.sh
	EndProjectSection
EndProject
Project("{2150E333-8FDC-42A3-9474-1A3956D46DE8}") = "test", "test", "{1B489136-FEA1-4FEF-BA8D-AF8070701883}"
EndProject
Project("{9A19103F-16F7-4668-BE54-9A1E7A4F7556}") = "TvDbSharper", "src\TvDbSharper\TvDbSharper.csproj", "{6B0E3D9A-B3F7-4434-9109-DB088F69544E}"
EndProject
Project("{9A19103F-16F7-4668-BE54-9A1E7A4F7556}") = "TvDbSharper.Tests", "test\TvDbSharper.Tests\TvDbSharper.Tests.csproj", "{D96AD679-2E1B-46A1-87E6-BB26B41E127F}"
EndProject
Project("{FAE04EC0-301F-11D3-BF4B-00C04F79EFBC}") = "ManualTests", "test\ManualTests\ManualTests.csproj", "{6C60ED41-A99D-42AF-8759-4DA6872D7060}"
EndProject
Global
	GlobalSection(SolutionConfigurationPlatforms) = preSolution
		Debug|Any CPU = Debug|Any CPU
		Release|Any CPU = Release|Any CPU
	EndGlobalSection
	GlobalSection(ProjectConfigurationPlatforms) = postSolution
		{6B0E3D9A-B3F7-4434-9109-DB088F69544E}.Debug|Any CPU.ActiveCfg = Debug|Any CPU
		{6B0E3D9A-B3F7-4434-9109-DB088F69544E}.Debug|Any CPU.Build.0 = Debug|Any CPU
		{6B0E3D9A-B3F7-4434-9109-DB088F69544E}.Release|Any CPU.ActiveCfg = Release|Any CPU
		{6B0E3D9A-B3F7-4434-9109-DB088F69544E}.Release|Any CPU.Build.0 = Release|Any CPU
		{D96AD679-2E1B-46A1-87E6-BB26B41E127F}.Debug|Any CPU.ActiveCfg = Debug|Any CPU
		{D96AD679-2E1B-46A1-87E6-BB26B41E127F}.Debug|Any CPU.Build.0 = Debug|Any CPU
		{D96AD679-2E1B-46A1-87E6-BB26B41E127F}.Release|Any CPU.ActiveCfg = Release|Any CPU
		{D96AD679-2E1B-46A1-87E6-BB26B41E127F}.Release|Any CPU.Build.0 = Release|Any CPU
		{6C60ED41-A99D-42AF-8759-4DA6872D7060}.Debug|Any CPU.ActiveCfg = Debug|Any CPU
		{6C60ED41-A99D-42AF-8759-4DA6872D7060}.Debug|Any CPU.Build.0 = Debug|Any CPU
		{6C60ED41-A99D-42AF-8759-4DA6872D7060}.Release|Any CPU.ActiveCfg = Release|Any CPU
		{6C60ED41-A99D-42AF-8759-4DA6872D7060}.Release|Any CPU.Build.0 = Release|Any CPU
	EndGlobalSection
	GlobalSection(SolutionProperties) = preSolution
		HideSolutionNode = FALSE
	EndGlobalSection
	GlobalSection(NestedProjects) = preSolution
		{6B0E3D9A-B3F7-4434-9109-DB088F69544E} = {E3C38358-E2A9-4E9C-AF11-8F664B22E4E8}
		{D96AD679-2E1B-46A1-87E6-BB26B41E127F} = {1B489136-FEA1-4FEF-BA8D-AF8070701883}
		{6C60ED41-A99D-42AF-8759-4DA6872D7060} = {1B489136-FEA1-4FEF-BA8D-AF8070701883}
	EndGlobalSection
EndGlobal
